dependencies:
- name: frontend
  repository: file://../srv/frontend/helm
  version: 0.11.0
- name: wordd
  repository: file://../srv/wordd/helm
  version: 0.11.0
- name: backend
  repository: file://../srv/backend/helm
  version: 0.11.0
- name: postgresql
  repository: https://charts.bitnami.com/bitnami
  version: 15.5.21
- name: redis
  repository: https://charts.bitnami.com/bitnami
  version: 19.6.4
digest: sha256:b74c04460bbfb2b3cf75c68f400a3c0c8873673e9ed7cd28385bef73bf6974a2
generated: "2026-05-13T15:08:24.891881959-04:00"
