dependencies:
- name: frontend
  repository: file://../srv/frontend/helm
  version: 0.11.0
- name: wordd
  repository: file://../srv/wordd/helm
  version: 0.11.0
- name: backend
  repository: file://../srv/backend/helm
  version: 0.11.0
- name: postgresql
  repository: https://charts.bitnami.com/bitnami
  version: 15.5.21
- name: redis
  repository: https://charts.bitnami.com/bitnami
  version: 25.5.3
digest: sha256:1c546098a3620ddbadf39c450ba2650cf3c12ad2a07518ece82cc1eb6107f4ea
generated: "2026-05-14T13:49:01.703005104-04:00"
